# This file was autogenerated by Stack.
# You should not edit this file by hand.
# For more information, please see the documentation at:
#   https://docs.haskellstack.org/en/stable/lock_files

packages:
- completed:
    hackage: JuicyPixels-3.3.6@sha256:03bd32c3a884ac8a32f49334f14695469a710945c84cef9a1e059a79ac416996,3911
    pantry-tree:
      sha256: f3eb1f6b74e326849d949458f734cf8a0a93525bdad3871c23d76ac321697457
      size: 2724
  original:
    hackage: JuicyPixels-3.3.6
- completed:
    hackage: gloss-1.13.2.1@sha256:273d02d30e1896932d45424dab6022a16986c0ed3eef6937776b5f40854ce51c,4075
    pantry-tree:
      sha256: 1bcac9962bad9412bfb3c3a694fcdaae7097ee4071b03fc1dc5ab6047baad01b
      size: 3807
  original:
    hackage: gloss-1.13.2.1
- completed:
    hackage: gloss-juicy-0.2.3@sha256:0c3bca95237cbf91f8b3b1936a0661f1e0457acd80502276d54d6c5210f88b25,1618
    pantry-tree:
      sha256: 914c08509bc3da4707d90e542b44833ca1a62abc83c2848f87df3d7a7a1d7e03
      size: 273
  original:
    hackage: gloss-juicy-0.2.3
snapshots:
- completed:
    sha256: 005f204647467d65c4ab549a5ca35d54b3d90a84a99a4ffc5d421a4018854fe2
    size: 618509
    url: https://raw.githubusercontent.com/commercialhaskell/stackage-snapshots/master/lts/19/10.yaml
  original: lts-19.10
